
Microsoft Visual Studio Solution File, Format Version 12.00
# Visual Studio Version 16
VisualStudioVersion = 16.0.30804.86
MinimumVisualStudioVersion = 10.0.40219.1
Project("{8BC9CEB8-8B4A-11D0-8D11-00A0C91BC942}") = "2D_Game", "2D_Game\2D_Game.vcxproj", "{C495E5EF-70BC-4EC0-8F97-8C00B7F13680}"
EndProject
Global
	GlobalSection(SolutionConfigurationPlatforms) = preSolution
		Debug|x64 = Debug|x64
		Debug|x86 = Debug|x86
		Release|x64 = Release|x64
		Release|x86 = Release|x86
	EndGlobalSection
	GlobalSection(ProjectConfigurationPlatforms) = postSolution
		{C495E5EF-70BC-4EC0-8F97-8C00B7F13680}.Debug|x64.ActiveCfg = Debug|x64
		{C495E5EF-70BC-4EC0-8F97-8C00B7F13680}.Debug|x64.Build.0 = Debug|x64
		{C495E5EF-70BC-4EC0-8F97-8C00B7F13680}.Debug|x86.ActiveCfg = Debug|Win32
		{C495E5EF-70BC-4EC0-8F97-8C00B7F13680}.Debug|x86.Build.0 = Debug|Win32
		{C495E5EF-70BC-4EC0-8F97-8C00B7F13680}.Release|x64.ActiveCfg = Release|x64
		{C495E5EF-70BC-4EC0-8F97-8C00B7F13680}.Release|x64.Build.0 = Release|x64
		{C495E5EF-70BC-4EC0-8F97-8C00B7F13680}.Release|x86.ActiveCfg = Release|Win32
		{C495E5EF-70BC-4EC0-8F97-8C00B7F13680}.Release|x86.Build.0 = Release|Win32
	EndGlobalSection
	GlobalSection(SolutionProperties) = preSolution
		HideSolutionNode = FALSE
	EndGlobalSection
	GlobalSection(ExtensibilityGlobals) = postSolution
		SolutionGuid = {5D617DF6-E83C-4F4C-A725-569A751F5751}
	EndGlobalSection
EndGlobal
